
Microsoft Visual Studio Solution File, Format Version 12.00
# Visual Studio Version 17
VisualStudioVersion = 17.11.34929.205
MinimumVisualStudioVersion = 10.0.40219.1
Project("{FAE04EC0-301F-11D3-BF4B-00C04F79EFBC}") = "Flappy_Bird_Windows", "Flappy_Bird_Windows.csproj", "{F2A3FAAC-5199-45E2-8540-375441DF15ED}"
EndProject
Global
	GlobalSection(SolutionConfigurationPlatforms) = preSolution
		Debug|Any CPU = Debug|Any CPU
		Release|Any CPU = Release|Any CPU
	EndGlobalSection
	GlobalSection(ProjectConfigurationPlatforms) = postSolution
		{F2A3FAAC-5199-45E2-8540-375441DF15ED}.Debug|Any CPU.ActiveCfg = Debug|Any CPU
		{F2A3FAAC-5199-45E2-8540-375441DF15ED}.Debug|Any CPU.Build.0 = Debug|Any CPU
		{F2A3FAAC-5199-45E2-8540-375441DF15ED}.Release|Any CPU.ActiveCfg = Release|Any CPU
		{F2A3FAAC-5199-45E2-8540-375441DF15ED}.Release|Any CPU.Build.0 = Release|Any CPU
	EndGlobalSection
	GlobalSection(SolutionProperties) = preSolution
		HideSolutionNode = FALSE
	EndGlobalSection
	GlobalSection(ExtensibilityGlobals) = postSolution
		SolutionGuid = {020D18FB-E1B9-412A-BD5C-D2F9CF9805E7}
	EndGlobalSection
EndGlobal
